
Microsoft Visual Studio Solution File, Format Version 12.00
# Visual Studio Version 17
VisualStudioVersion = 17.2.32519.379
MinimumVisualStudioVersion = 10.0.40219.1
Project("{8BC9CEB8-8B4A-11D0-8D11-00A0C91BC942}") = "LFStack", "LFStack.vcxproj", "{5B3961AF-802C-4F08-A1F1-80EB4E7AAC14}"
EndProject
Project("{8BC9CEB8-8B4A-11D0-8D11-00A0C91BC942}") = "Test", "Test\Test.vcxproj", "{C16CC512-1C6C-41F6-BFB5-D2968B929B70}"
EndProject
Global
	GlobalSection(SolutionConfigurationPlatforms) = preSolution
		Debug|x64 = Debug|x64
		Debug|x86 = Debug|x86
		Release|x64 = Release|x64
		Release|x86 = Release|x86
	EndGlobalSection
	GlobalSection(ProjectConfigurationPlatforms) = postSolution
		{5B3961AF-802C-4F08-A1F1-80EB4E7AAC14}.Debug|x64.ActiveCfg = Debug|x64
		{5B3961AF-802C-4F08-A1F1-80EB4E7AAC14}.Debug|x64.Build.0 = Debug|x64
		{5B3961AF-802C-4F08-A1F1-80EB4E7AAC14}.Debug|x86.ActiveCfg = Debug|Win32
		{5B3961AF-802C-4F08-A1F1-80EB4E7AAC14}.Debug|x86.Build.0 = Debug|Win32
		{5B3961AF-802C-4F08-A1F1-80EB4E7AAC14}.Release|x64.ActiveCfg = Release|x64
		{5B3961AF-802C-4F08-A1F1-80EB4E7AAC14}.Release|x64.Build.0 = Release|x64
		{5B3961AF-802C-4F08-A1F1-80EB4E7AAC14}.Release|x86.ActiveCfg = Release|Win32
		{5B3961AF-802C-4F08-A1F1-80EB4E7AAC14}.Release|x86.Build.0 = Release|Win32
		{C16CC512-1C6C-41F6-BFB5-D2968B929B70}.Debug|x64.ActiveCfg = Debug|x64
		{C16CC512-1C6C-41F6-BFB5-D2968B929B70}.Debug|x64.Build.0 = Debug|x64
		{C16CC512-1C6C-41F6-BFB5-D2968B929B70}.Debug|x86.ActiveCfg = Debug|Win32
		{C16CC512-1C6C-41F6-BFB5-D2968B929B70}.Debug|x86.Build.0 = Debug|Win32
		{C16CC512-1C6C-41F6-BFB5-D2968B929B70}.Release|x64.ActiveCfg = Release|x64
		{C16CC512-1C6C-41F6-BFB5-D2968B929B70}.Release|x64.Build.0 = Release|x64
		{C16CC512-1C6C-41F6-BFB5-D2968B929B70}.Release|x86.ActiveCfg = Release|Win32
		{C16CC512-1C6C-41F6-BFB5-D2968B929B70}.Release|x86.Build.0 = Release|Win32
	EndGlobalSection
	GlobalSection(SolutionProperties) = preSolution
		HideSolutionNode = FALSE
	EndGlobalSection
	GlobalSection(ExtensibilityGlobals) = postSolution
		SolutionGuid = {AD78CA5C-B77E-40B9-9C6B-5209600CD0B1}
	EndGlobalSection
EndGlobal
