
Microsoft Visual Studio Solution File, Format Version 12.00
# Visual Studio Version 17
VisualStudioVersion = 17.1.32328.378
MinimumVisualStudioVersion = 10.0.40219.1
Project("{8BC9CEB8-8B4A-11D0-8D11-00A0C91BC942}") = "22.09.16 - 채팅서버", "22.09.16 - 채팅서버\과제_09.16 - 채팅서버.vcxproj", "{80425C76-D18C-4F1D-A381-B4C61535076F}"
EndProject
Project("{8BC9CEB8-8B4A-11D0-8D11-00A0C91BC942}") = "22.08.26 - 레드블랙 트리", "22.08.26 - 레드블랙 트리\과제_08.26 - 레드블랙 트리.vcxproj", "{71EC9163-53B3-4218-99F5-4D137EB14AC3}"
EndProject
Project("{8BC9CEB8-8B4A-11D0-8D11-00A0C91BC942}") = "22.09.05 - JPS", "22.09.05 - JPS\22.09.05 - JPS.vcxproj", "{58DCB4B8-3003-448D-B447-AF0CD88B2D94}"
EndProject
Project("{8BC9CEB8-8B4A-11D0-8D11-00A0C91BC942}") = "22.10.10 - MMO TCPFighter Server", "22.10.10 - MMO TCPFighter Server\22.10.10 - MMO TCPFighter Server.vcxproj", "{7DD99223-E1A5-4DB2-9768-E2B0EE8FFF88}"
EndProject
Project("{8BC9CEB8-8B4A-11D0-8D11-00A0C91BC942}") = "22.10.12 - Spinlock", "22.10.12 - Spinlock\22.10.12 - Spinlock.vcxproj", "{E8A08D9E-93DF-4592-B78C-883AC23DB83F}"
EndProject
Project("{8BC9CEB8-8B4A-11D0-8D11-00A0C91BC942}") = "22.10.14 - WaitForMultipleObjects 예제", "22.10.14 - WaitForMultipleObjects 예제\22.10.14 - WaitForMultipleObjects 예제.vcxproj", "{0D62B5BB-D76A-4A64-BE43-D9A3D558729D}"
EndProject
Project("{8BC9CEB8-8B4A-11D0-8D11-00A0C91BC942}") = "22.10.17 - Thread std list", "22.10.17 - Thread std list\22.10.17 - Thread std list.vcxproj", "{9609E70F-9704-4B43-91B5-9AEF2EF4C216}"
EndProject
Project("{8BC9CEB8-8B4A-11D0-8D11-00A0C91BC942}") = "22.06.10 - stl list 구현", "22.06.10 - stl list 구현\과제_06.10 - stl list 구현.vcxproj", "{FD9DC720-405D-4FCB-82EE-F1F86D655907}"
EndProject
Project("{8BC9CEB8-8B4A-11D0-8D11-00A0C91BC942}") = "22.08.13 - TCP Fighter Server", "22.08.13 - TCP Fighter Server\과제_08.13 - TCP Fighter Server.vcxproj", "{B5F3D1B9-864A-4448-BFEA-E919A71E90F8}"
EndProject
Project("{8BC9CEB8-8B4A-11D0-8D11-00A0C91BC942}") = "22.10.19 - 피터슨 알고리즘 버그 찾기", "22.10.19 - 피터슨 알고리즘 버그 찾기\22.10.19 - 피터슨 알고리즘 버그 찾기.vcxproj", "{24F7BB39-AA86-45F4-83BF-F60043DCA1B0}"
EndProject
Project("{8BC9CEB8-8B4A-11D0-8D11-00A0C91BC942}") = "00 Test", "00 Test\Test.vcxproj", "{35B365D9-3CB0-44FD-A3D6-282441FA3698}"
EndProject
Project("{8BC9CEB8-8B4A-11D0-8D11-00A0C91BC942}") = "22.05.25 - new 오버로딩, 메모리 누수 체크", "22.05.25 - new 오버로딩, 메모리 누수 체크\과제_05.25.vcxproj", "{3158E29F-C5BB-4D88-9242-2E89E67DFF29}"
EndProject
Project("{8BC9CEB8-8B4A-11D0-8D11-00A0C91BC942}") = "22.11.02 - IO_PENDING count Server", "22.11.02 - IO_PENDING count Server\22.11.02 - IO_PENDING count Server.vcxproj", "{68FD58B6-097B-4814-80BD-864B9161E2D5}"
EndProject
Project("{8BC9CEB8-8B4A-11D0-8D11-00A0C91BC942}") = "22.11.02 - IO_PENDING count Client", "22.11.02 - IO_PENDING count Client\22.11.02 - IO_PENDING count Client.vcxproj", "{60A6AB2E-7A00-4B57-B064-330C5ACB4235}"
EndProject
Project("{8BC9CEB8-8B4A-11D0-8D11-00A0C91BC942}") = "22.07.29 - 별 움직이기 server", "22.07.29 - 별 움직이기 server\과제_07.29 - 별 움직이기 server.vcxproj", "{B552C5AE-0EA2-4CAD-A587-73A513350A91}"
EndProject
Project("{8BC9CEB8-8B4A-11D0-8D11-00A0C91BC942}") = "22.07.27 - 별 움직이기 client", "22.07.27 - 별 움직이기 client\과제_07.27 - 별 움직이기 client.vcxproj", "{4D74AC22-CBDD-4AF3-BE2D-48FB4010B392}"
EndProject
Project("{8BC9CEB8-8B4A-11D0-8D11-00A0C91BC942}") = "22.11.17 - IOCP ECHO Server", "22.11.17 - IOCP ECHO Server\22.11.17 - IOCP ECHO Server.vcxproj", "{65E5817D-A0CB-41CD-A8B4-D0F6C72B2B60}"
EndProject
Project("{8BC9CEB8-8B4A-11D0-8D11-00A0C91BC942}") = "22.08.01 - UDP 브로드 캐스트 (열린 게임 방 찾기)", "22.08.01 - UDP 브로드 캐스트(열린 게임 방 찾기)\과제_08.01 - UDP 브로드 캐스트 (열린 게임 방 찾기).vcxproj", "{34B20842-75A7-4805-AFE3-F99405ED3965}"
EndProject
Global
	GlobalSection(SolutionConfigurationPlatforms) = preSolution
		Debug|x64 = Debug|x64
		Debug|x86 = Debug|x86
		Release|x64 = Release|x64
		Release|x86 = Release|x86
	EndGlobalSection
	GlobalSection(ProjectConfigurationPlatforms) = postSolution
		{80425C76-D18C-4F1D-A381-B4C61535076F}.Debug|x64.ActiveCfg = Debug|x64
		{80425C76-D18C-4F1D-A381-B4C61535076F}.Debug|x64.Build.0 = Debug|x64
		{80425C76-D18C-4F1D-A381-B4C61535076F}.Debug|x86.ActiveCfg = Debug|Win32
		{80425C76-D18C-4F1D-A381-B4C61535076F}.Debug|x86.Build.0 = Debug|Win32
		{80425C76-D18C-4F1D-A381-B4C61535076F}.Release|x64.ActiveCfg = Release|x64
		{80425C76-D18C-4F1D-A381-B4C61535076F}.Release|x64.Build.0 = Release|x64
		{80425C76-D18C-4F1D-A381-B4C61535076F}.Release|x86.ActiveCfg = Release|Win32
		{80425C76-D18C-4F1D-A381-B4C61535076F}.Release|x86.Build.0 = Release|Win32
		{71EC9163-53B3-4218-99F5-4D137EB14AC3}.Debug|x64.ActiveCfg = Debug|x64
		{71EC9163-53B3-4218-99F5-4D137EB14AC3}.Debug|x64.Build.0 = Debug|x64
		{71EC9163-53B3-4218-99F5-4D137EB14AC3}.Debug|x86.ActiveCfg = Debug|Win32
		{71EC9163-53B3-4218-99F5-4D137EB14AC3}.Debug|x86.Build.0 = Debug|Win32
		{71EC9163-53B3-4218-99F5-4D137EB14AC3}.Release|x64.ActiveCfg = Release|x64
		{71EC9163-53B3-4218-99F5-4D137EB14AC3}.Release|x64.Build.0 = Release|x64
		{71EC9163-53B3-4218-99F5-4D137EB14AC3}.Release|x86.ActiveCfg = Release|Win32
		{71EC9163-53B3-4218-99F5-4D137EB14AC3}.Release|x86.Build.0 = Release|Win32
		{58DCB4B8-3003-448D-B447-AF0CD88B2D94}.Debug|x64.ActiveCfg = Debug|x64
		{58DCB4B8-3003-448D-B447-AF0CD88B2D94}.Debug|x64.Build.0 = Debug|x64
		{58DCB4B8-3003-448D-B447-AF0CD88B2D94}.Debug|x86.ActiveCfg = Debug|Win32
		{58DCB4B8-3003-448D-B447-AF0CD88B2D94}.Debug|x86.Build.0 = Debug|Win32
		{58DCB4B8-3003-448D-B447-AF0CD88B2D94}.Release|x64.ActiveCfg = Release|x64
		{58DCB4B8-3003-448D-B447-AF0CD88B2D94}.Release|x64.Build.0 = Release|x64
		{58DCB4B8-3003-448D-B447-AF0CD88B2D94}.Release|x86.ActiveCfg = Release|Win32
		{58DCB4B8-3003-448D-B447-AF0CD88B2D94}.Release|x86.Build.0 = Release|Win32
		{7DD99223-E1A5-4DB2-9768-E2B0EE8FFF88}.Debug|x64.ActiveCfg = Debug|x64
		{7DD99223-E1A5-4DB2-9768-E2B0EE8FFF88}.Debug|x64.Build.0 = Debug|x64
		{7DD99223-E1A5-4DB2-9768-E2B0EE8FFF88}.Debug|x86.ActiveCfg = Debug|Win32
		{7DD99223-E1A5-4DB2-9768-E2B0EE8FFF88}.Debug|x86.Build.0 = Debug|Win32
		{7DD99223-E1A5-4DB2-9768-E2B0EE8FFF88}.Release|x64.ActiveCfg = Release|x64
		{7DD99223-E1A5-4DB2-9768-E2B0EE8FFF88}.Release|x64.Build.0 = Release|x64
		{7DD99223-E1A5-4DB2-9768-E2B0EE8FFF88}.Release|x86.ActiveCfg = Release|Win32
		{7DD99223-E1A5-4DB2-9768-E2B0EE8FFF88}.Release|x86.Build.0 = Release|Win32
		{E8A08D9E-93DF-4592-B78C-883AC23DB83F}.Debug|x64.ActiveCfg = Debug|x64
		{E8A08D9E-93DF-4592-B78C-883AC23DB83F}.Debug|x64.Build.0 = Debug|x64
		{E8A08D9E-93DF-4592-B78C-883AC23DB83F}.Debug|x86.ActiveCfg = Debug|Win32
		{E8A08D9E-93DF-4592-B78C-883AC23DB83F}.Debug|x86.Build.0 = Debug|Win32
		{E8A08D9E-93DF-4592-B78C-883AC23DB83F}.Release|x64.ActiveCfg = Release|x64
		{E8A08D9E-93DF-4592-B78C-883AC23DB83F}.Release|x64.Build.0 = Release|x64
		{E8A08D9E-93DF-4592-B78C-883AC23DB83F}.Release|x86.ActiveCfg = Release|Win32
		{E8A08D9E-93DF-4592-B78C-883AC23DB83F}.Release|x86.Build.0 = Release|Win32
		{0D62B5BB-D76A-4A64-BE43-D9A3D558729D}.Debug|x64.ActiveCfg = Debug|x64
		{0D62B5BB-D76A-4A64-BE43-D9A3D558729D}.Debug|x64.Build.0 = Debug|x64
		{0D62B5BB-D76A-4A64-BE43-D9A3D558729D}.Debug|x86.ActiveCfg = Debug|Win32
		{0D62B5BB-D76A-4A64-BE43-D9A3D558729D}.Debug|x86.Build.0 = Debug|Win32
		{0D62B5BB-D76A-4A64-BE43-D9A3D558729D}.Release|x64.ActiveCfg = Release|x64
		{0D62B5BB-D76A-4A64-BE43-D9A3D558729D}.Release|x64.Build.0 = Release|x64
		{0D62B5BB-D76A-4A64-BE43-D9A3D558729D}.Release|x86.ActiveCfg = Release|Win32
		{0D62B5BB-D76A-4A64-BE43-D9A3D558729D}.Release|x86.Build.0 = Release|Win32
		{9609E70F-9704-4B43-91B5-9AEF2EF4C216}.Debug|x64.ActiveCfg = Debug|x64
		{9609E70F-9704-4B43-91B5-9AEF2EF4C216}.Debug|x64.Build.0 = Debug|x64
		{9609E70F-9704-4B43-91B5-9AEF2EF4C216}.Debug|x86.ActiveCfg = Debug|Win32
		{9609E70F-9704-4B43-91B5-9AEF2EF4C216}.Debug|x86.Build.0 = Debug|Win32
		{9609E70F-9704-4B43-91B5-9AEF2EF4C216}.Release|x64.ActiveCfg = Release|x64
		{9609E70F-9704-4B43-91B5-9AEF2EF4C216}.Release|x64.Build.0 = Release|x64
		{9609E70F-9704-4B43-91B5-9AEF2EF4C216}.Release|x86.ActiveCfg = Release|Win32
		{9609E70F-9704-4B43-91B5-9AEF2EF4C216}.Release|x86.Build.0 = Release|Win32
		{FD9DC720-405D-4FCB-82EE-F1F86D655907}.Debug|x64.ActiveCfg = Debug|x64
		{FD9DC720-405D-4FCB-82EE-F1F86D655907}.Debug|x64.Build.0 = Debug|x64
		{FD9DC720-405D-4FCB-82EE-F1F86D655907}.Debug|x86.ActiveCfg = Debug|Win32
		{FD9DC720-405D-4FCB-82EE-F1F86D655907}.Debug|x86.Build.0 = Debug|Win32
		{FD9DC720-405D-4FCB-82EE-F1F86D655907}.Release|x64.ActiveCfg = Release|x64
		{FD9DC720-405D-4FCB-82EE-F1F86D655907}.Release|x64.Build.0 = Release|x64
		{FD9DC720-405D-4FCB-82EE-F1F86D655907}.Release|x86.ActiveCfg = Release|Win32
		{FD9DC720-405D-4FCB-82EE-F1F86D655907}.Release|x86.Build.0 = Release|Win32
		{B5F3D1B9-864A-4448-BFEA-E919A71E90F8}.Debug|x64.ActiveCfg = Debug|x64
		{B5F3D1B9-864A-4448-BFEA-E919A71E90F8}.Debug|x64.Build.0 = Debug|x64
		{B5F3D1B9-864A-4448-BFEA-E919A71E90F8}.Debug|x86.ActiveCfg = Debug|Win32
		{B5F3D1B9-864A-4448-BFEA-E919A71E90F8}.Debug|x86.Build.0 = Debug|Win32
		{B5F3D1B9-864A-4448-BFEA-E919A71E90F8}.Release|x64.ActiveCfg = Release|x64
		{B5F3D1B9-864A-4448-BFEA-E919A71E90F8}.Release|x64.Build.0 = Release|x64
		{B5F3D1B9-864A-4448-BFEA-E919A71E90F8}.Release|x86.ActiveCfg = Release|Win32
		{B5F3D1B9-864A-4448-BFEA-E919A71E90F8}.Release|x86.Build.0 = Release|Win32
		{24F7BB39-AA86-45F4-83BF-F60043DCA1B0}.Debug|x64.ActiveCfg = Debug|x64
		{24F7BB39-AA86-45F4-83BF-F60043DCA1B0}.Debug|x64.Build.0 = Debug|x64
		{24F7BB39-AA86-45F4-83BF-F60043DCA1B0}.Debug|x86.ActiveCfg = Debug|Win32
		{24F7BB39-AA86-45F4-83BF-F60043DCA1B0}.Debug|x86.Build.0 = Debug|Win32
		{24F7BB39-AA86-45F4-83BF-F60043DCA1B0}.Release|x64.ActiveCfg = Release|x64
		{24F7BB39-AA86-45F4-83BF-F60043DCA1B0}.Release|x64.Build.0 = Release|x64
		{24F7BB39-AA86-45F4-83BF-F60043DCA1B0}.Release|x86.ActiveCfg = Release|Win32
		{24F7BB39-AA86-45F4-83BF-F60043DCA1B0}.Release|x86.Build.0 = Release|Win32
		{35B365D9-3CB0-44FD-A3D6-282441FA3698}.Debug|x64.ActiveCfg = Debug|x64
		{35B365D9-3CB0-44FD-A3D6-282441FA3698}.Debug|x64.Build.0 = Debug|x64
		{35B365D9-3CB0-44FD-A3D6-282441FA3698}.Debug|x86.ActiveCfg = Debug|Win32
		{35B365D9-3CB0-44FD-A3D6-282441FA3698}.Debug|x86.Build.0 = Debug|Win32
		{35B365D9-3CB0-44FD-A3D6-282441FA3698}.Release|x64.ActiveCfg = Release|x64
		{35B365D9-3CB0-44FD-A3D6-282441FA3698}.Release|x64.Build.0 = Release|x64
		{35B365D9-3CB0-44FD-A3D6-282441FA3698}.Release|x86.ActiveCfg = Release|Win32
		{35B365D9-3CB0-44FD-A3D6-282441FA3698}.Release|x86.Build.0 = Release|Win32
		{3158E29F-C5BB-4D88-9242-2E89E67DFF29}.Debug|x64.ActiveCfg = Debug|x64
		{3158E29F-C5BB-4D88-9242-2E89E67DFF29}.Debug|x64.Build.0 = Debug|x64
		{3158E29F-C5BB-4D88-9242-2E89E67DFF29}.Debug|x86.ActiveCfg = Debug|Win32
		{3158E29F-C5BB-4D88-9242-2E89E67DFF29}.Debug|x86.Build.0 = Debug|Win32
		{3158E29F-C5BB-4D88-9242-2E89E67DFF29}.Release|x64.ActiveCfg = Release|x64
		{3158E29F-C5BB-4D88-9242-2E89E67DFF29}.Release|x64.Build.0 = Release|x64
		{3158E29F-C5BB-4D88-9242-2E89E67DFF29}.Release|x86.ActiveCfg = Release|Win32
		{3158E29F-C5BB-4D88-9242-2E89E67DFF29}.Release|x86.Build.0 = Release|Win32
		{68FD58B6-097B-4814-80BD-864B9161E2D5}.Debug|x64.ActiveCfg = Debug|x64
		{68FD58B6-097B-4814-80BD-864B9161E2D5}.Debug|x64.Build.0 = Debug|x64
		{68FD58B6-097B-4814-80BD-864B9161E2D5}.Debug|x86.ActiveCfg = Debug|Win32
		{68FD58B6-097B-4814-80BD-864B9161E2D5}.Debug|x86.Build.0 = Debug|Win32
		{68FD58B6-097B-4814-80BD-864B9161E2D5}.Release|x64.ActiveCfg = Release|x64
		{68FD58B6-097B-4814-80BD-864B9161E2D5}.Release|x64.Build.0 = Release|x64
		{68FD58B6-097B-4814-80BD-864B9161E2D5}.Release|x86.ActiveCfg = Release|Win32
		{68FD58B6-097B-4814-80BD-864B9161E2D5}.Release|x86.Build.0 = Release|Win32
		{60A6AB2E-7A00-4B57-B064-330C5ACB4235}.Debug|x64.ActiveCfg = Debug|x64
		{60A6AB2E-7A00-4B57-B064-330C5ACB4235}.Debug|x64.Build.0 = Debug|x64
		{60A6AB2E-7A00-4B57-B064-330C5ACB4235}.Debug|x86.ActiveCfg = Debug|Win32
		{60A6AB2E-7A00-4B57-B064-330C5ACB4235}.Debug|x86.Build.0 = Debug|Win32
		{60A6AB2E-7A00-4B57-B064-330C5ACB4235}.Release|x64.ActiveCfg = Release|x64
		{60A6AB2E-7A00-4B57-B064-330C5ACB4235}.Release|x64.Build.0 = Release|x64
		{60A6AB2E-7A00-4B57-B064-330C5ACB4235}.Release|x86.ActiveCfg = Release|Win32
		{60A6AB2E-7A00-4B57-B064-330C5ACB4235}.Release|x86.Build.0 = Release|Win32
		{B552C5AE-0EA2-4CAD-A587-73A513350A91}.Debug|x64.ActiveCfg = Debug|x64
		{B552C5AE-0EA2-4CAD-A587-73A513350A91}.Debug|x64.Build.0 = Debug|x64
		{B552C5AE-0EA2-4CAD-A587-73A513350A91}.Debug|x86.ActiveCfg = Debug|Win32
		{B552C5AE-0EA2-4CAD-A587-73A513350A91}.Debug|x86.Build.0 = Debug|Win32
		{B552C5AE-0EA2-4CAD-A587-73A513350A91}.Release|x64.ActiveCfg = Release|x64
		{B552C5AE-0EA2-4CAD-A587-73A513350A91}.Release|x64.Build.0 = Release|x64
		{B552C5AE-0EA2-4CAD-A587-73A513350A91}.Release|x86.ActiveCfg = Release|Win32
		{B552C5AE-0EA2-4CAD-A587-73A513350A91}.Release|x86.Build.0 = Release|Win32
		{4D74AC22-CBDD-4AF3-BE2D-48FB4010B392}.Debug|x64.ActiveCfg = Debug|x64
		{4D74AC22-CBDD-4AF3-BE2D-48FB4010B392}.Debug|x64.Build.0 = Debug|x64
		{4D74AC22-CBDD-4AF3-BE2D-48FB4010B392}.Debug|x86.ActiveCfg = Debug|Win32
		{4D74AC22-CBDD-4AF3-BE2D-48FB4010B392}.Debug|x86.Build.0 = Debug|Win32
		{4D74AC22-CBDD-4AF3-BE2D-48FB4010B392}.Release|x64.ActiveCfg = Release|x64
		{4D74AC22-CBDD-4AF3-BE2D-48FB4010B392}.Release|x64.Build.0 = Release|x64
		{4D74AC22-CBDD-4AF3-BE2D-48FB4010B392}.Release|x86.ActiveCfg = Release|Win32
		{4D74AC22-CBDD-4AF3-BE2D-48FB4010B392}.Release|x86.Build.0 = Release|Win32
		{65E5817D-A0CB-41CD-A8B4-D0F6C72B2B60}.Debug|x64.ActiveCfg = Debug|x64
		{65E5817D-A0CB-41CD-A8B4-D0F6C72B2B60}.Debug|x64.Build.0 = Debug|x64
		{65E5817D-A0CB-41CD-A8B4-D0F6C72B2B60}.Debug|x86.ActiveCfg = Debug|Win32
		{65E5817D-A0CB-41CD-A8B4-D0F6C72B2B60}.Debug|x86.Build.0 = Debug|Win32
		{65E5817D-A0CB-41CD-A8B4-D0F6C72B2B60}.Release|x64.ActiveCfg = Release|x64
		{65E5817D-A0CB-41CD-A8B4-D0F6C72B2B60}.Release|x64.Build.0 = Release|x64
		{65E5817D-A0CB-41CD-A8B4-D0F6C72B2B60}.Release|x86.ActiveCfg = Release|Win32
		{65E5817D-A0CB-41CD-A8B4-D0F6C72B2B60}.Release|x86.Build.0 = Release|Win32
		{34B20842-75A7-4805-AFE3-F99405ED3965}.Debug|x64.ActiveCfg = Debug|x64
		{34B20842-75A7-4805-AFE3-F99405ED3965}.Debug|x64.Build.0 = Debug|x64
		{34B20842-75A7-4805-AFE3-F99405ED3965}.Debug|x86.ActiveCfg = Debug|Win32
		{34B20842-75A7-4805-AFE3-F99405ED3965}.Debug|x86.Build.0 = Debug|Win32
		{34B20842-75A7-4805-AFE3-F99405ED3965}.Release|x64.ActiveCfg = Release|x64
		{34B20842-75A7-4805-AFE3-F99405ED3965}.Release|x64.Build.0 = Release|x64
		{34B20842-75A7-4805-AFE3-F99405ED3965}.Release|x86.ActiveCfg = Release|Win32
		{34B20842-75A7-4805-AFE3-F99405ED3965}.Release|x86.Build.0 = Release|Win32
	EndGlobalSection
	GlobalSection(SolutionProperties) = preSolution
		HideSolutionNode = FALSE
	EndGlobalSection
	GlobalSection(ExtensibilityGlobals) = postSolution
		SolutionGuid = {18F95747-3E1F-45FF-8B76-A33DAAE38038}
	EndGlobalSection
EndGlobal
