
Microsoft Visual Studio Solution File, Format Version 12.00
# Visual Studio Version 17
VisualStudioVersion = 17.1.32328.378
MinimumVisualStudioVersion = 10.0.40219.1
Project("{8BC9CEB8-8B4A-11D0-8D11-00A0C91BC942}") = "22.09.05 - JPS", "22.09.05 - JPS\22.09.05 - JPS.vcxproj", "{58DCB4B8-3003-448D-B447-AF0CD88B2D94}"
EndProject
Project("{8BC9CEB8-8B4A-11D0-8D11-00A0C91BC942}") = "22.10.10 - MMO TCPFighter Server", "22.10.10 - MMO TCPFighter Server\22.10.10 - MMO TCPFighter Server.vcxproj", "{7DD99223-E1A5-4DB2-9768-E2B0EE8FFF88}"
EndProject
Project("{8BC9CEB8-8B4A-11D0-8D11-00A0C91BC942}") = "22.10.12 - Spinlock", "22.10.12 - Spinlock\22.10.12 - Spinlock.vcxproj", "{E8A08D9E-93DF-4592-B78C-883AC23DB83F}"
EndProject
Project("{8BC9CEB8-8B4A-11D0-8D11-00A0C91BC942}") = "22.10.19 - 피터슨 알고리즘 버그 찾기", "22.10.19 - 피터슨 알고리즘 버그 찾기\22.10.19 - 피터슨 알고리즘 버그 찾기.vcxproj", "{24F7BB39-AA86-45F4-83BF-F60043DCA1B0}"
EndProject
Project("{8BC9CEB8-8B4A-11D0-8D11-00A0C91BC942}") = "22.11.02 - IO_PENDING count Server", "22.11.02 - IO_PENDING count Server\22.11.02 - IO_PENDING count Server.vcxproj", "{68FD58B6-097B-4814-80BD-864B9161E2D5}"
EndProject
Project("{8BC9CEB8-8B4A-11D0-8D11-00A0C91BC942}") = "22.11.02 - IO_PENDING count Client", "22.11.02 - IO_PENDING count Client\22.11.02 - IO_PENDING count Client.vcxproj", "{60A6AB2E-7A00-4B57-B064-330C5ACB4235}"
EndProject
Project("{8BC9CEB8-8B4A-11D0-8D11-00A0C91BC942}") = "22.12.03 - LockFreeStack", "22.12.03 - LockFreeStack\22.12.03 - LockFreeStack.vcxproj", "{2ED56619-1219-488C-B592-A1619EF2FBA5}"
EndProject
Global
	GlobalSection(SolutionConfigurationPlatforms) = preSolution
		Debug|x64 = Debug|x64
		Debug|x86 = Debug|x86
		Release|x64 = Release|x64
		Release|x86 = Release|x86
	EndGlobalSection
	GlobalSection(ProjectConfigurationPlatforms) = postSolution
		{58DCB4B8-3003-448D-B447-AF0CD88B2D94}.Debug|x64.ActiveCfg = Debug|x64
		{58DCB4B8-3003-448D-B447-AF0CD88B2D94}.Debug|x64.Build.0 = Debug|x64
		{58DCB4B8-3003-448D-B447-AF0CD88B2D94}.Debug|x86.ActiveCfg = Debug|Win32
		{58DCB4B8-3003-448D-B447-AF0CD88B2D94}.Debug|x86.Build.0 = Debug|Win32
		{58DCB4B8-3003-448D-B447-AF0CD88B2D94}.Release|x64.ActiveCfg = Release|x64
		{58DCB4B8-3003-448D-B447-AF0CD88B2D94}.Release|x64.Build.0 = Release|x64
		{58DCB4B8-3003-448D-B447-AF0CD88B2D94}.Release|x86.ActiveCfg = Release|Win32
		{58DCB4B8-3003-448D-B447-AF0CD88B2D94}.Release|x86.Build.0 = Release|Win32
		{7DD99223-E1A5-4DB2-9768-E2B0EE8FFF88}.Debug|x64.ActiveCfg = Debug|x64
		{7DD99223-E1A5-4DB2-9768-E2B0EE8FFF88}.Debug|x64.Build.0 = Debug|x64
		{7DD99223-E1A5-4DB2-9768-E2B0EE8FFF88}.Debug|x86.ActiveCfg = Debug|Win32
		{7DD99223-E1A5-4DB2-9768-E2B0EE8FFF88}.Debug|x86.Build.0 = Debug|Win32
		{7DD99223-E1A5-4DB2-9768-E2B0EE8FFF88}.Release|x64.ActiveCfg = Release|x64
		{7DD99223-E1A5-4DB2-9768-E2B0EE8FFF88}.Release|x64.Build.0 = Release|x64
		{7DD99223-E1A5-4DB2-9768-E2B0EE8FFF88}.Release|x86.ActiveCfg = Release|Win32
		{7DD99223-E1A5-4DB2-9768-E2B0EE8FFF88}.Release|x86.Build.0 = Release|Win32
		{E8A08D9E-93DF-4592-B78C-883AC23DB83F}.Debug|x64.ActiveCfg = Debug|x64
		{E8A08D9E-93DF-4592-B78C-883AC23DB83F}.Debug|x64.Build.0 = Debug|x64
		{E8A08D9E-93DF-4592-B78C-883AC23DB83F}.Debug|x86.ActiveCfg = Debug|Win32
		{E8A08D9E-93DF-4592-B78C-883AC23DB83F}.Debug|x86.Build.0 = Debug|Win32
		{E8A08D9E-93DF-4592-B78C-883AC23DB83F}.Release|x64.ActiveCfg = Release|x64
		{E8A08D9E-93DF-4592-B78C-883AC23DB83F}.Release|x64.Build.0 = Release|x64
		{E8A08D9E-93DF-4592-B78C-883AC23DB83F}.Release|x86.ActiveCfg = Release|Win32
		{E8A08D9E-93DF-4592-B78C-883AC23DB83F}.Release|x86.Build.0 = Release|Win32
		{24F7BB39-AA86-45F4-83BF-F60043DCA1B0}.Debug|x64.ActiveCfg = Debug|x64
		{24F7BB39-AA86-45F4-83BF-F60043DCA1B0}.Debug|x64.Build.0 = Debug|x64
		{24F7BB39-AA86-45F4-83BF-F60043DCA1B0}.Debug|x86.ActiveCfg = Debug|Win32
		{24F7BB39-AA86-45F4-83BF-F60043DCA1B0}.Debug|x86.Build.0 = Debug|Win32
		{24F7BB39-AA86-45F4-83BF-F60043DCA1B0}.Release|x64.ActiveCfg = Release|x64
		{24F7BB39-AA86-45F4-83BF-F60043DCA1B0}.Release|x64.Build.0 = Release|x64
		{24F7BB39-AA86-45F4-83BF-F60043DCA1B0}.Release|x86.ActiveCfg = Release|Win32
		{24F7BB39-AA86-45F4-83BF-F60043DCA1B0}.Release|x86.Build.0 = Release|Win32
		{68FD58B6-097B-4814-80BD-864B9161E2D5}.Debug|x64.ActiveCfg = Debug|x64
		{68FD58B6-097B-4814-80BD-864B9161E2D5}.Debug|x64.Build.0 = Debug|x64
		{68FD58B6-097B-4814-80BD-864B9161E2D5}.Debug|x86.ActiveCfg = Debug|Win32
		{68FD58B6-097B-4814-80BD-864B9161E2D5}.Debug|x86.Build.0 = Debug|Win32
		{68FD58B6-097B-4814-80BD-864B9161E2D5}.Release|x64.ActiveCfg = Release|x64
		{68FD58B6-097B-4814-80BD-864B9161E2D5}.Release|x64.Build.0 = Release|x64
		{68FD58B6-097B-4814-80BD-864B9161E2D5}.Release|x86.ActiveCfg = Release|Win32
		{68FD58B6-097B-4814-80BD-864B9161E2D5}.Release|x86.Build.0 = Release|Win32
		{60A6AB2E-7A00-4B57-B064-330C5ACB4235}.Debug|x64.ActiveCfg = Debug|x64
		{60A6AB2E-7A00-4B57-B064-330C5ACB4235}.Debug|x64.Build.0 = Debug|x64
		{60A6AB2E-7A00-4B57-B064-330C5ACB4235}.Debug|x86.ActiveCfg = Debug|Win32
		{60A6AB2E-7A00-4B57-B064-330C5ACB4235}.Debug|x86.Build.0 = Debug|Win32
		{60A6AB2E-7A00-4B57-B064-330C5ACB4235}.Release|x64.ActiveCfg = Release|x64
		{60A6AB2E-7A00-4B57-B064-330C5ACB4235}.Release|x64.Build.0 = Release|x64
		{60A6AB2E-7A00-4B57-B064-330C5ACB4235}.Release|x86.ActiveCfg = Release|Win32
		{60A6AB2E-7A00-4B57-B064-330C5ACB4235}.Release|x86.Build.0 = Release|Win32
		{2ED56619-1219-488C-B592-A1619EF2FBA5}.Debug|x64.ActiveCfg = Debug|x64
		{2ED56619-1219-488C-B592-A1619EF2FBA5}.Debug|x64.Build.0 = Debug|x64
		{2ED56619-1219-488C-B592-A1619EF2FBA5}.Debug|x86.ActiveCfg = Debug|Win32
		{2ED56619-1219-488C-B592-A1619EF2FBA5}.Debug|x86.Build.0 = Debug|Win32
		{2ED56619-1219-488C-B592-A1619EF2FBA5}.Release|x64.ActiveCfg = Release|x64
		{2ED56619-1219-488C-B592-A1619EF2FBA5}.Release|x64.Build.0 = Release|x64
		{2ED56619-1219-488C-B592-A1619EF2FBA5}.Release|x86.ActiveCfg = Release|Win32
		{2ED56619-1219-488C-B592-A1619EF2FBA5}.Release|x86.Build.0 = Release|Win32
	EndGlobalSection
	GlobalSection(SolutionProperties) = preSolution
		HideSolutionNode = FALSE
	EndGlobalSection
	GlobalSection(ExtensibilityGlobals) = postSolution
		SolutionGuid = {18F95747-3E1F-45FF-8B76-A33DAAE38038}
	EndGlobalSection
EndGlobal
