<?xml version="1.0" encoding="utf-8"?>
<Project ToolsVersion="4.0" xmlns="http://schemas.microsoft.com/developer/msbuild/2003">
  <ItemGroup>
    <ClCompile Include="ChatServerMT.cpp">
      <Filter>ChatServerMT</Filter>
    </ClCompile>
    <ClCompile Include="main.cpp">
      <Filter>Main</Filter>
    </ClCompile>
    <ClCompile Include="User.cpp">
      <Filter>Contents</Filter>
    </ClCompile>
    <ClCompile Include="Player.cpp">
      <Filter>Contents</Filter>
    </ClCompile>
    <ClCompile Include="Sector.cpp">
      <Filter>Contents</Filter>
    </ClCompile>
    <ClCompile Include="ChatServerMTMonitorClient.cpp">
      <Filter>MonitoringClient</Filter>
    </ClCompile>
  </ItemGroup>
  <ItemGroup>
    <ClInclude Include="Player.h">
      <Filter>Contents</Filter>
    </ClInclude>
    <ClInclude Include="Sector.h">
      <Filter>Contents</Filter>
    </ClInclude>
    <ClInclude Include="ChatServerMT.h">
      <Filter>ChatServerMT</Filter>
    </ClInclude>
    <ClInclude Include="User.h">
      <Filter>Contents</Filter>
    </ClInclude>
    <ClInclude Include="ChatServerMTMonitorClient.h">
      <Filter>MonitoringClient</Filter>
    </ClInclude>
    <ClInclude Include="CommonProtocol.h">
      <Filter>Protocol</Filter>
    </ClInclude>
    <ClInclude Include="MonitorProtocol.h">
      <Filter>Protocol</Filter>
    </ClInclude>
  </ItemGroup>
  <ItemGroup>
    <Filter Include="include">
      <UniqueIdentifier>{5d943658-a340-4fe8-bb26-dcc63f46f34f}</UniqueIdentifier>
    </Filter>
    <Filter Include="Contents">
      <UniqueIdentifier>{cc1c8350-1971-4d58-8752-b4a8ba5980d5}</UniqueIdentifier>
    </Filter>
    <Filter Include="Main">
      <UniqueIdentifier>{6b0da137-3fec-431b-9ac2-a6efebd67c72}</UniqueIdentifier>
    </Filter>
    <Filter Include="SystemFile">
      <UniqueIdentifier>{81e46ce9-155d-4044-8188-dbeca50ebce7}</UniqueIdentifier>
    </Filter>
    <Filter Include="ChatServerMT">
      <UniqueIdentifier>{34ae5d88-c12f-4abc-95a2-1e800f217de9}</UniqueIdentifier>
    </Filter>
    <Filter Include="MonitoringClient">
      <UniqueIdentifier>{9f74a99a-dc86-492b-af1e-17c90a4913d3}</UniqueIdentifier>
    </Filter>
    <Filter Include="Protocol">
      <UniqueIdentifier>{6e68cd59-7c80-4a19-a941-d66c6f032b5c}</UniqueIdentifier>
    </Filter>
  </ItemGroup>
  <ItemGroup>
    <Library Include="..\NetworkLib\NetworkLib.lib">
      <Filter>include</Filter>
    </Library>
  </ItemGroup>
  <ItemGroup>
    <None Include="..\ServerConfig.ini">
      <Filter>SystemFile</Filter>
    </None>
  </ItemGroup>
</Project>