
Microsoft Visual Studio Solution File, Format Version 12.00
# Visual Studio Version 17
VisualStudioVersion = 17.2.32519.379
MinimumVisualStudioVersion = 10.0.40219.1
Project("{8BC9CEB8-8B4A-11D0-8D11-00A0C91BC942}") = "ChattingServer_Multi", "ChattingServer_Multi.vcxproj", "{CCB4E189-B3EB-4E7A-A219-081DBF63E745}"
EndProject
Project("{8BC9CEB8-8B4A-11D0-8D11-00A0C91BC942}") = "NetworkLib", "..\NetworkLib.vcxproj", "{FE4739E7-7447-476A-AD9D-6548F4549676}"
EndProject
Global
	GlobalSection(SolutionConfigurationPlatforms) = preSolution
		Debug|x64 = Debug|x64
		Debug|x86 = Debug|x86
		Release|x64 = Release|x64
		Release|x86 = Release|x86
	EndGlobalSection
	GlobalSection(ProjectConfigurationPlatforms) = postSolution
		{CCB4E189-B3EB-4E7A-A219-081DBF63E745}.Debug|x64.ActiveCfg = Debug|x64
		{CCB4E189-B3EB-4E7A-A219-081DBF63E745}.Debug|x64.Build.0 = Debug|x64
		{CCB4E189-B3EB-4E7A-A219-081DBF63E745}.Debug|x86.ActiveCfg = Debug|Win32
		{CCB4E189-B3EB-4E7A-A219-081DBF63E745}.Debug|x86.Build.0 = Debug|Win32
		{CCB4E189-B3EB-4E7A-A219-081DBF63E745}.Release|x64.ActiveCfg = Release|x64
		{CCB4E189-B3EB-4E7A-A219-081DBF63E745}.Release|x64.Build.0 = Release|x64
		{CCB4E189-B3EB-4E7A-A219-081DBF63E745}.Release|x86.ActiveCfg = Release|Win32
		{CCB4E189-B3EB-4E7A-A219-081DBF63E745}.Release|x86.Build.0 = Release|Win32
		{FE4739E7-7447-476A-AD9D-6548F4549676}.Debug|x64.ActiveCfg = Debug|x64
		{FE4739E7-7447-476A-AD9D-6548F4549676}.Debug|x64.Build.0 = Debug|x64
		{FE4739E7-7447-476A-AD9D-6548F4549676}.Debug|x86.ActiveCfg = Debug|Win32
		{FE4739E7-7447-476A-AD9D-6548F4549676}.Debug|x86.Build.0 = Debug|Win32
		{FE4739E7-7447-476A-AD9D-6548F4549676}.Release|x64.ActiveCfg = Release|x64
		{FE4739E7-7447-476A-AD9D-6548F4549676}.Release|x64.Build.0 = Release|x64
		{FE4739E7-7447-476A-AD9D-6548F4549676}.Release|x86.ActiveCfg = Release|Win32
		{FE4739E7-7447-476A-AD9D-6548F4549676}.Release|x86.Build.0 = Release|Win32
	EndGlobalSection
	GlobalSection(SolutionProperties) = preSolution
		HideSolutionNode = FALSE
	EndGlobalSection
	GlobalSection(ExtensibilityGlobals) = postSolution
		SolutionGuid = {74EA3DF2-082F-4207-AEE9-AF120DB02348}
	EndGlobalSection
EndGlobal
