<?xml version="1.0" encoding="utf-8"?>
<Project ToolsVersion="4.0" xmlns="http://schemas.microsoft.com/developer/msbuild/2003">
  <ItemGroup>
    <ClCompile Include="main.cpp" />
    <ClCompile Include="ChattingServer_Single.cpp" />
  </ItemGroup>
  <ItemGroup>
    <ClInclude Include="ChattingServer_Single.h" />
    <ClInclude Include="CommonProtocol.h" />
  </ItemGroup>
  <ItemGroup>
    <Library Include="..\Redis\tacopie.lib">
      <Filter>include</Filter>
    </Library>
    <Library Include="..\Redis\cpp_redis.lib">
      <Filter>include</Filter>
    </Library>
    <Library Include="..\NetworkLib\NetworkLib.lib">
      <Filter>include</Filter>
    </Library>
  </ItemGroup>
  <ItemGroup>
    <Filter Include="include">
      <UniqueIdentifier>{6aaaa404-2b16-4bfd-b91a-d63cc30a18c8}</UniqueIdentifier>
    </Filter>
  </ItemGroup>
  <ItemGroup>
    <None Include="..\ServerConfig.ini" />
  </ItemGroup>
</Project>