
Microsoft Visual Studio Solution File, Format Version 12.00
# Visual Studio Version 17
VisualStudioVersion = 17.1.32328.378
MinimumVisualStudioVersion = 10.0.40219.1
Project("{8BC9CEB8-8B4A-11D0-8D11-00A0C91BC942}") = "22.12.03 - LockFreeStack", "22.12.03 - LockFreeStack.vcxproj", "{2ED56619-1219-488C-B592-A1619EF2FBA5}"
EndProject
Project("{8BC9CEB8-8B4A-11D0-8D11-00A0C91BC942}") = "Test", "Test\Test.vcxproj", "{DEB759D9-123A-46E4-8611-0D66B445423B}"
EndProject
Global
	GlobalSection(SolutionConfigurationPlatforms) = preSolution
		Debug|x64 = Debug|x64
		Debug|x86 = Debug|x86
		Release|x64 = Release|x64
		Release|x86 = Release|x86
	EndGlobalSection
	GlobalSection(ProjectConfigurationPlatforms) = postSolution
		{2ED56619-1219-488C-B592-A1619EF2FBA5}.Debug|x64.ActiveCfg = Debug|x64
		{2ED56619-1219-488C-B592-A1619EF2FBA5}.Debug|x64.Build.0 = Debug|x64
		{2ED56619-1219-488C-B592-A1619EF2FBA5}.Debug|x86.ActiveCfg = Debug|Win32
		{2ED56619-1219-488C-B592-A1619EF2FBA5}.Debug|x86.Build.0 = Debug|Win32
		{2ED56619-1219-488C-B592-A1619EF2FBA5}.Release|x64.ActiveCfg = Release|x64
		{2ED56619-1219-488C-B592-A1619EF2FBA5}.Release|x64.Build.0 = Release|x64
		{2ED56619-1219-488C-B592-A1619EF2FBA5}.Release|x86.ActiveCfg = Release|Win32
		{2ED56619-1219-488C-B592-A1619EF2FBA5}.Release|x86.Build.0 = Release|Win32
		{DEB759D9-123A-46E4-8611-0D66B445423B}.Debug|x64.ActiveCfg = Debug|x64
		{DEB759D9-123A-46E4-8611-0D66B445423B}.Debug|x64.Build.0 = Debug|x64
		{DEB759D9-123A-46E4-8611-0D66B445423B}.Debug|x86.ActiveCfg = Debug|Win32
		{DEB759D9-123A-46E4-8611-0D66B445423B}.Debug|x86.Build.0 = Debug|Win32
		{DEB759D9-123A-46E4-8611-0D66B445423B}.Release|x64.ActiveCfg = Release|x64
		{DEB759D9-123A-46E4-8611-0D66B445423B}.Release|x64.Build.0 = Release|x64
		{DEB759D9-123A-46E4-8611-0D66B445423B}.Release|x86.ActiveCfg = Release|Win32
		{DEB759D9-123A-46E4-8611-0D66B445423B}.Release|x86.Build.0 = Release|Win32
	EndGlobalSection
	GlobalSection(SolutionProperties) = preSolution
		HideSolutionNode = FALSE
	EndGlobalSection
	GlobalSection(ExtensibilityGlobals) = postSolution
		SolutionGuid = {18F95747-3E1F-45FF-8B76-A33DAAE38038}
	EndGlobalSection
EndGlobal
