
Microsoft Visual Studio Solution File, Format Version 12.00
# Visual Studio Version 17
VisualStudioVersion = 17.1.32210.238
MinimumVisualStudioVersion = 10.0.40219.1
Project("{8BC9CEB8-8B4A-11D0-8D11-00A0C91BC942}") = "LoginServer", "LoginServer.vcxproj", "{4A84366E-5349-4737-89FE-8274D36017AB}"
	ProjectSection(ProjectDependencies) = postProject
		{89FB9B93-F785-4E54-9874-5ED414214649} = {89FB9B93-F785-4E54-9874-5ED414214649}
		{FE4739E7-7447-476A-AD9D-6548F4549676} = {FE4739E7-7447-476A-AD9D-6548F4549676}
	EndProjectSection
EndProject
Project("{8BC9CEB8-8B4A-11D0-8D11-00A0C91BC942}") = "NetworkLib", "..\NetworkLib\NetworkLib.vcxproj", "{FE4739E7-7447-476A-AD9D-6548F4549676}"
EndProject
Project("{8BC9CEB8-8B4A-11D0-8D11-00A0C91BC942}") = "ChattingServer_Multi", "..\ChattingServer_Multi\ChattingServer_Multi.vcxproj", "{CCB4E189-B3EB-4E7A-A219-081DBF63E745}"
EndProject
Project("{8BC9CEB8-8B4A-11D0-8D11-00A0C91BC942}") = "99 Test", "Test\Test.vcxproj", "{07C1687E-E13C-427A-B296-33C318E35982}"
EndProject
Project("{8BC9CEB8-8B4A-11D0-8D11-00A0C91BC942}") = "Test_DBConnector", "..\Test\Test_DBConnector\Test_DBConnector.vcxproj", "{C0A6B608-4D62-491A-8519-8BF484676E82}"
EndProject
Project("{8BC9CEB8-8B4A-11D0-8D11-00A0C91BC942}") = "DBConnector", "..\DBConnector\DBConnector.vcxproj", "{89FB9B93-F785-4E54-9874-5ED414214649}"
EndProject
Project("{8BC9CEB8-8B4A-11D0-8D11-00A0C91BC942}") = "ChattingServer_Single", "..\ChattingServer_Single\ChattingServer_Single.vcxproj", "{DCDE2D54-7167-4417-AC33-4644DE891ACC}"
EndProject
Global
	GlobalSection(SolutionConfigurationPlatforms) = preSolution
		Debug|x64 = Debug|x64
		Debug|x86 = Debug|x86
		Release|x64 = Release|x64
		Release|x86 = Release|x86
	EndGlobalSection
	GlobalSection(ProjectConfigurationPlatforms) = postSolution
		{4A84366E-5349-4737-89FE-8274D36017AB}.Debug|x64.ActiveCfg = Debug|x64
		{4A84366E-5349-4737-89FE-8274D36017AB}.Debug|x64.Build.0 = Debug|x64
		{4A84366E-5349-4737-89FE-8274D36017AB}.Debug|x86.ActiveCfg = Debug|Win32
		{4A84366E-5349-4737-89FE-8274D36017AB}.Debug|x86.Build.0 = Debug|Win32
		{4A84366E-5349-4737-89FE-8274D36017AB}.Release|x64.ActiveCfg = Release|x64
		{4A84366E-5349-4737-89FE-8274D36017AB}.Release|x64.Build.0 = Release|x64
		{4A84366E-5349-4737-89FE-8274D36017AB}.Release|x86.ActiveCfg = Release|Win32
		{4A84366E-5349-4737-89FE-8274D36017AB}.Release|x86.Build.0 = Release|Win32
		{FE4739E7-7447-476A-AD9D-6548F4549676}.Debug|x64.ActiveCfg = Debug|x64
		{FE4739E7-7447-476A-AD9D-6548F4549676}.Debug|x64.Build.0 = Debug|x64
		{FE4739E7-7447-476A-AD9D-6548F4549676}.Debug|x86.ActiveCfg = Debug|Win32
		{FE4739E7-7447-476A-AD9D-6548F4549676}.Debug|x86.Build.0 = Debug|Win32
		{FE4739E7-7447-476A-AD9D-6548F4549676}.Release|x64.ActiveCfg = Release|x64
		{FE4739E7-7447-476A-AD9D-6548F4549676}.Release|x64.Build.0 = Release|x64
		{FE4739E7-7447-476A-AD9D-6548F4549676}.Release|x86.ActiveCfg = Release|Win32
		{FE4739E7-7447-476A-AD9D-6548F4549676}.Release|x86.Build.0 = Release|Win32
		{CCB4E189-B3EB-4E7A-A219-081DBF63E745}.Debug|x64.ActiveCfg = Debug|x64
		{CCB4E189-B3EB-4E7A-A219-081DBF63E745}.Debug|x64.Build.0 = Debug|x64
		{CCB4E189-B3EB-4E7A-A219-081DBF63E745}.Debug|x86.ActiveCfg = Debug|Win32
		{CCB4E189-B3EB-4E7A-A219-081DBF63E745}.Debug|x86.Build.0 = Debug|Win32
		{CCB4E189-B3EB-4E7A-A219-081DBF63E745}.Release|x64.ActiveCfg = Release|x64
		{CCB4E189-B3EB-4E7A-A219-081DBF63E745}.Release|x64.Build.0 = Release|x64
		{CCB4E189-B3EB-4E7A-A219-081DBF63E745}.Release|x86.ActiveCfg = Release|Win32
		{CCB4E189-B3EB-4E7A-A219-081DBF63E745}.Release|x86.Build.0 = Release|Win32
		{07C1687E-E13C-427A-B296-33C318E35982}.Debug|x64.ActiveCfg = Debug|x64
		{07C1687E-E13C-427A-B296-33C318E35982}.Debug|x64.Build.0 = Debug|x64
		{07C1687E-E13C-427A-B296-33C318E35982}.Debug|x86.ActiveCfg = Debug|Win32
		{07C1687E-E13C-427A-B296-33C318E35982}.Debug|x86.Build.0 = Debug|Win32
		{07C1687E-E13C-427A-B296-33C318E35982}.Release|x64.ActiveCfg = Release|x64
		{07C1687E-E13C-427A-B296-33C318E35982}.Release|x64.Build.0 = Release|x64
		{07C1687E-E13C-427A-B296-33C318E35982}.Release|x86.ActiveCfg = Release|Win32
		{07C1687E-E13C-427A-B296-33C318E35982}.Release|x86.Build.0 = Release|Win32
		{C0A6B608-4D62-491A-8519-8BF484676E82}.Debug|x64.ActiveCfg = Debug|x64
		{C0A6B608-4D62-491A-8519-8BF484676E82}.Debug|x64.Build.0 = Debug|x64
		{C0A6B608-4D62-491A-8519-8BF484676E82}.Debug|x86.ActiveCfg = Debug|Win32
		{C0A6B608-4D62-491A-8519-8BF484676E82}.Debug|x86.Build.0 = Debug|Win32
		{C0A6B608-4D62-491A-8519-8BF484676E82}.Release|x64.ActiveCfg = Release|x64
		{C0A6B608-4D62-491A-8519-8BF484676E82}.Release|x64.Build.0 = Release|x64
		{C0A6B608-4D62-491A-8519-8BF484676E82}.Release|x86.ActiveCfg = Release|Win32
		{C0A6B608-4D62-491A-8519-8BF484676E82}.Release|x86.Build.0 = Release|Win32
		{89FB9B93-F785-4E54-9874-5ED414214649}.Debug|x64.ActiveCfg = Debug|x64
		{89FB9B93-F785-4E54-9874-5ED414214649}.Debug|x64.Build.0 = Debug|x64
		{89FB9B93-F785-4E54-9874-5ED414214649}.Debug|x86.ActiveCfg = Debug|Win32
		{89FB9B93-F785-4E54-9874-5ED414214649}.Debug|x86.Build.0 = Debug|Win32
		{89FB9B93-F785-4E54-9874-5ED414214649}.Release|x64.ActiveCfg = Release|x64
		{89FB9B93-F785-4E54-9874-5ED414214649}.Release|x64.Build.0 = Release|x64
		{89FB9B93-F785-4E54-9874-5ED414214649}.Release|x86.ActiveCfg = Release|Win32
		{89FB9B93-F785-4E54-9874-5ED414214649}.Release|x86.Build.0 = Release|Win32
		{DCDE2D54-7167-4417-AC33-4644DE891ACC}.Debug|x64.ActiveCfg = Debug|x64
		{DCDE2D54-7167-4417-AC33-4644DE891ACC}.Debug|x64.Build.0 = Debug|x64
		{DCDE2D54-7167-4417-AC33-4644DE891ACC}.Debug|x86.ActiveCfg = Debug|Win32
		{DCDE2D54-7167-4417-AC33-4644DE891ACC}.Debug|x86.Build.0 = Debug|Win32
		{DCDE2D54-7167-4417-AC33-4644DE891ACC}.Release|x64.ActiveCfg = Release|x64
		{DCDE2D54-7167-4417-AC33-4644DE891ACC}.Release|x64.Build.0 = Release|x64
		{DCDE2D54-7167-4417-AC33-4644DE891ACC}.Release|x86.ActiveCfg = Release|Win32
		{DCDE2D54-7167-4417-AC33-4644DE891ACC}.Release|x86.Build.0 = Release|Win32
	EndGlobalSection
	GlobalSection(SolutionProperties) = preSolution
		HideSolutionNode = FALSE
	EndGlobalSection
	GlobalSection(ExtensibilityGlobals) = postSolution
		SolutionGuid = {49CF0220-0D48-43CE-A76D-B41D26C88A73}
	EndGlobalSection
EndGlobal
