<?xml version="1.0" encoding="utf-8"?>
<Project ToolsVersion="4.0" xmlns="http://schemas.microsoft.com/developer/msbuild/2003">
  <ItemGroup>
    <ClCompile Include="main.cpp" />
    <ClCompile Include="LoginServer.cpp" />
  </ItemGroup>
  <ItemGroup>
    <ClInclude Include="LoginServer.h" />
    <ClInclude Include="CommonProtocol.h" />
  </ItemGroup>
  <ItemGroup>
    <Library Include="NetworkLib.lib" />
  </ItemGroup>
</Project>