<?xml version="1.0" encoding="utf-8"?>
<Project ToolsVersion="4.0" xmlns="http://schemas.microsoft.com/developer/msbuild/2003">
  <ItemGroup>
    <ClCompile Include="main.cpp" />
    <ClCompile Include="LoginServer.cpp" />
  </ItemGroup>
  <ItemGroup>
    <ClInclude Include="LoginServer.h" />
    <ClInclude Include="CommonProtocol.h" />
  </ItemGroup>
  <ItemGroup>
    <Filter Include="include">
      <UniqueIdentifier>{7fb21f41-b926-4bf5-a9ec-a657525c4bde}</UniqueIdentifier>
    </Filter>
  </ItemGroup>
  <ItemGroup>
    <Library Include="..\DBConnector\DBConnector.lib">
      <Filter>include</Filter>
    </Library>
    <Library Include="..\DBConnector\libmysql.lib">
      <Filter>include</Filter>
    </Library>
    <Library Include="..\NetworkLib\NetworkLib.lib">
      <Filter>include</Filter>
    </Library>
  </ItemGroup>
</Project>