
Microsoft Visual Studio Solution File, Format Version 12.00
# Visual Studio Version 17
VisualStudioVersion = 17.1.32328.378
MinimumVisualStudioVersion = 10.0.40219.1
Project("{8BC9CEB8-8B4A-11D0-8D11-00A0C91BC942}") = "22.10.19 - 피터슨 알고리즘 버그 찾기", "22.10.19 - 피터슨 알고리즘 버그 찾기.vcxproj", "{24F7BB39-AA86-45F4-83BF-F60043DCA1B0}"
EndProject
Global
	GlobalSection(SolutionConfigurationPlatforms) = preSolution
		Debug|x64 = Debug|x64
		Debug|x86 = Debug|x86
		Release|x64 = Release|x64
		Release|x86 = Release|x86
	EndGlobalSection
	GlobalSection(ProjectConfigurationPlatforms) = postSolution
		{24F7BB39-AA86-45F4-83BF-F60043DCA1B0}.Debug|x64.ActiveCfg = Debug|x64
		{24F7BB39-AA86-45F4-83BF-F60043DCA1B0}.Debug|x64.Build.0 = Debug|x64
		{24F7BB39-AA86-45F4-83BF-F60043DCA1B0}.Debug|x86.ActiveCfg = Debug|Win32
		{24F7BB39-AA86-45F4-83BF-F60043DCA1B0}.Debug|x86.Build.0 = Debug|Win32
		{24F7BB39-AA86-45F4-83BF-F60043DCA1B0}.Release|x64.ActiveCfg = Release|x64
		{24F7BB39-AA86-45F4-83BF-F60043DCA1B0}.Release|x64.Build.0 = Release|x64
		{24F7BB39-AA86-45F4-83BF-F60043DCA1B0}.Release|x86.ActiveCfg = Release|Win32
		{24F7BB39-AA86-45F4-83BF-F60043DCA1B0}.Release|x86.Build.0 = Release|Win32
	EndGlobalSection
	GlobalSection(SolutionProperties) = preSolution
		HideSolutionNode = FALSE
	EndGlobalSection
	GlobalSection(ExtensibilityGlobals) = postSolution
		SolutionGuid = {18F95747-3E1F-45FF-8B76-A33DAAE38038}
	EndGlobalSection
EndGlobal
