<?xml version="1.0" encoding="utf-8"?>
<Project ToolsVersion="4.0" xmlns="http://schemas.microsoft.com/developer/msbuild/2003">
  <ItemGroup>
    <Filter Include="include">
      <UniqueIdentifier>{a5ebc299-6cba-42b9-a9d0-cd7865f9abd4}</UniqueIdentifier>
    </Filter>
    <Filter Include="Protocol">
      <UniqueIdentifier>{0018d058-3d03-426a-8bc9-381601a108ee}</UniqueIdentifier>
    </Filter>
    <Filter Include="Main">
      <UniqueIdentifier>{58b1a377-62c0-4e57-8117-33ba55b210e9}</UniqueIdentifier>
    </Filter>
    <Filter Include="Contents">
      <UniqueIdentifier>{b9901fb1-f7ad-47d7-b268-a4cd0c4704b2}</UniqueIdentifier>
    </Filter>
    <Filter Include="MonitoringLanServer">
      <UniqueIdentifier>{9a178725-85dd-44c1-a351-cb3b138f86eb}</UniqueIdentifier>
    </Filter>
    <Filter Include="MonitoringNetServer">
      <UniqueIdentifier>{1eb4d155-16ce-4afc-a81c-6246390b2098}</UniqueIdentifier>
    </Filter>
    <Filter Include="Contents\User">
      <UniqueIdentifier>{872bc9b1-45d6-42e6-9d12-ec193969c0d4}</UniqueIdentifier>
    </Filter>
  </ItemGroup>
  <ItemGroup>
    <ClInclude Include="MonitoringLanServer.h">
      <Filter>MonitoringLanServer</Filter>
    </ClInclude>
    <ClInclude Include="MonitorProtocol.h">
      <Filter>Protocol</Filter>
    </ClInclude>
    <ClInclude Include="MonitoringNetServer.h">
      <Filter>MonitoringNetServer</Filter>
    </ClInclude>
    <ClInclude Include="User.h">
      <Filter>Contents\User</Filter>
    </ClInclude>
    <ClInclude Include="MonitorSession.h">
      <Filter>Contents\User</Filter>
    </ClInclude>
    <ClInclude Include="ServerSession.h">
      <Filter>Contents\User</Filter>
    </ClInclude>
  </ItemGroup>
  <ItemGroup>
    <ClCompile Include="MonitoringLanServer.cpp">
      <Filter>MonitoringLanServer</Filter>
    </ClCompile>
    <ClCompile Include="main.cpp">
      <Filter>Main</Filter>
    </ClCompile>
    <ClCompile Include="MonitoringNetServer.cpp">
      <Filter>MonitoringNetServer</Filter>
    </ClCompile>
    <ClCompile Include="MonitorSession.cpp">
      <Filter>Contents\User</Filter>
    </ClCompile>
    <ClCompile Include="ServerSession.cpp">
      <Filter>Contents\User</Filter>
    </ClCompile>
    <ClCompile Include="User.cpp">
      <Filter>Contents\User</Filter>
    </ClCompile>
  </ItemGroup>
  <ItemGroup>
    <Library Include="..\NetworkLib\NetworkLib.lib">
      <Filter>include</Filter>
    </Library>
    <Library Include="..\DBConnector\DBConnector.lib">
      <Filter>include</Filter>
    </Library>
    <Library Include="..\DBConnector\libmysql.lib">
      <Filter>include</Filter>
    </Library>
  </ItemGroup>
  <ItemGroup>
    <None Include="..\ServerConfig.ini">
      <Filter>Protocol</Filter>
    </None>
  </ItemGroup>
</Project>