<?xml version="1.0" encoding="utf-8"?>
<Project ToolsVersion="4.0" xmlns="http://schemas.microsoft.com/developer/msbuild/2003">
  <ItemGroup>
    <ClCompile Include="2dArrayLock_TestCode.cpp" />
    <ClCompile Include="LoggerTest.cpp" />
    <ClCompile Include="strncpy_test.cpp" />
  </ItemGroup>
  <ItemGroup>
    <ClInclude Include="LFObjectPoolTLS.h">
      <Filter>include</Filter>
    </ClInclude>
    <ClInclude Include="LFObjectPool.h">
      <Filter>include</Filter>
    </ClInclude>
  </ItemGroup>
  <ItemGroup>
    <Filter Include="include">
      <UniqueIdentifier>{200f8629-8a49-437e-82f0-dcc485a21304}</UniqueIdentifier>
    </Filter>
  </ItemGroup>
</Project>