
Microsoft Visual Studio Solution File, Format Version 12.00
# Visual Studio Version 17
VisualStudioVersion = 17.1.32210.238
MinimumVisualStudioVersion = 10.0.40219.1
Project("{8BC9CEB8-8B4A-11D0-8D11-00A0C91BC942}") = "Test", "Test.vcxproj", "{7C298814-785F-47A6-9931-380B7DA07C63}"
EndProject
Global
	GlobalSection(SolutionConfigurationPlatforms) = preSolution
		Debug|x64 = Debug|x64
		Debug|x86 = Debug|x86
		Release|x64 = Release|x64
		Release|x86 = Release|x86
	EndGlobalSection
	GlobalSection(ProjectConfigurationPlatforms) = postSolution
		{7C298814-785F-47A6-9931-380B7DA07C63}.Debug|x64.ActiveCfg = Debug|x64
		{7C298814-785F-47A6-9931-380B7DA07C63}.Debug|x64.Build.0 = Debug|x64
		{7C298814-785F-47A6-9931-380B7DA07C63}.Debug|x86.ActiveCfg = Debug|Win32
		{7C298814-785F-47A6-9931-380B7DA07C63}.Debug|x86.Build.0 = Debug|Win32
		{7C298814-785F-47A6-9931-380B7DA07C63}.Release|x64.ActiveCfg = Release|x64
		{7C298814-785F-47A6-9931-380B7DA07C63}.Release|x64.Build.0 = Release|x64
		{7C298814-785F-47A6-9931-380B7DA07C63}.Release|x86.ActiveCfg = Release|Win32
		{7C298814-785F-47A6-9931-380B7DA07C63}.Release|x86.Build.0 = Release|Win32
	EndGlobalSection
	GlobalSection(SolutionProperties) = preSolution
		HideSolutionNode = FALSE
	EndGlobalSection
	GlobalSection(ExtensibilityGlobals) = postSolution
		SolutionGuid = {2847885B-FC58-4A3E-9B62-66EC54AA696C}
	EndGlobalSection
EndGlobal
