
Microsoft Visual Studio Solution File, Format Version 12.00
# Visual Studio Version 17
VisualStudioVersion = 17.1.32210.238
MinimumVisualStudioVersion = 10.0.40219.1
Project("{8BC9CEB8-8B4A-11D0-8D11-00A0C91BC942}") = "LFObjectPoolTLS", "LFObjectPoolTLS.vcxproj", "{25581D16-E6AE-4A04-B604-9930843D3034}"
EndProject
Project("{8BC9CEB8-8B4A-11D0-8D11-00A0C91BC942}") = "Test", "Test\Test.vcxproj", "{BD099CFB-52F3-4B2B-8BFB-12E1200FAE10}"
EndProject
Global
	GlobalSection(SolutionConfigurationPlatforms) = preSolution
		Debug|x64 = Debug|x64
		Debug|x86 = Debug|x86
		Release|x64 = Release|x64
		Release|x86 = Release|x86
	EndGlobalSection
	GlobalSection(ProjectConfigurationPlatforms) = postSolution
		{25581D16-E6AE-4A04-B604-9930843D3034}.Debug|x64.ActiveCfg = Debug|x64
		{25581D16-E6AE-4A04-B604-9930843D3034}.Debug|x64.Build.0 = Debug|x64
		{25581D16-E6AE-4A04-B604-9930843D3034}.Debug|x86.ActiveCfg = Debug|Win32
		{25581D16-E6AE-4A04-B604-9930843D3034}.Debug|x86.Build.0 = Debug|Win32
		{25581D16-E6AE-4A04-B604-9930843D3034}.Release|x64.ActiveCfg = Release|x64
		{25581D16-E6AE-4A04-B604-9930843D3034}.Release|x64.Build.0 = Release|x64
		{25581D16-E6AE-4A04-B604-9930843D3034}.Release|x86.ActiveCfg = Release|Win32
		{25581D16-E6AE-4A04-B604-9930843D3034}.Release|x86.Build.0 = Release|Win32
		{BD099CFB-52F3-4B2B-8BFB-12E1200FAE10}.Debug|x64.ActiveCfg = Debug|x64
		{BD099CFB-52F3-4B2B-8BFB-12E1200FAE10}.Debug|x64.Build.0 = Debug|x64
		{BD099CFB-52F3-4B2B-8BFB-12E1200FAE10}.Debug|x86.ActiveCfg = Debug|Win32
		{BD099CFB-52F3-4B2B-8BFB-12E1200FAE10}.Debug|x86.Build.0 = Debug|Win32
		{BD099CFB-52F3-4B2B-8BFB-12E1200FAE10}.Release|x64.ActiveCfg = Release|x64
		{BD099CFB-52F3-4B2B-8BFB-12E1200FAE10}.Release|x64.Build.0 = Release|x64
		{BD099CFB-52F3-4B2B-8BFB-12E1200FAE10}.Release|x86.ActiveCfg = Release|Win32
		{BD099CFB-52F3-4B2B-8BFB-12E1200FAE10}.Release|x86.Build.0 = Release|Win32
	EndGlobalSection
	GlobalSection(SolutionProperties) = preSolution
		HideSolutionNode = FALSE
	EndGlobalSection
	GlobalSection(ExtensibilityGlobals) = postSolution
		SolutionGuid = {39EE20E6-0BAB-45FD-A104-359DCC477006}
	EndGlobalSection
EndGlobal
