
Microsoft Visual Studio Solution File, Format Version 12.00
# Visual Studio Version 17
VisualStudioVersion = 17.1.32328.378
MinimumVisualStudioVersion = 10.0.40219.1
Project("{8BC9CEB8-8B4A-11D0-8D11-00A0C91BC942}") = "22.11.02 - IO_PENDING count Server", "22.11.02 - IO_PENDING count Server.vcxproj", "{68FD58B6-097B-4814-80BD-864B9161E2D5}"
EndProject
Project("{8BC9CEB8-8B4A-11D0-8D11-00A0C91BC942}") = "RingBuffer", "..\..\J_LIB\RingBuffer\RingBuffer.vcxproj", "{3678BAC4-90EC-486E-8B24-D7504D444C72}"
EndProject
Global
	GlobalSection(SolutionConfigurationPlatforms) = preSolution
		Debug|x64 = Debug|x64
		Debug|x86 = Debug|x86
		Release|x64 = Release|x64
		Release|x86 = Release|x86
	EndGlobalSection
	GlobalSection(ProjectConfigurationPlatforms) = postSolution
		{68FD58B6-097B-4814-80BD-864B9161E2D5}.Debug|x64.ActiveCfg = Debug|x64
		{68FD58B6-097B-4814-80BD-864B9161E2D5}.Debug|x64.Build.0 = Debug|x64
		{68FD58B6-097B-4814-80BD-864B9161E2D5}.Debug|x86.ActiveCfg = Debug|Win32
		{68FD58B6-097B-4814-80BD-864B9161E2D5}.Debug|x86.Build.0 = Debug|Win32
		{68FD58B6-097B-4814-80BD-864B9161E2D5}.Release|x64.ActiveCfg = Release|x64
		{68FD58B6-097B-4814-80BD-864B9161E2D5}.Release|x64.Build.0 = Release|x64
		{68FD58B6-097B-4814-80BD-864B9161E2D5}.Release|x86.ActiveCfg = Release|Win32
		{68FD58B6-097B-4814-80BD-864B9161E2D5}.Release|x86.Build.0 = Release|Win32
		{3678BAC4-90EC-486E-8B24-D7504D444C72}.Debug|x64.ActiveCfg = Debug|x64
		{3678BAC4-90EC-486E-8B24-D7504D444C72}.Debug|x64.Build.0 = Debug|x64
		{3678BAC4-90EC-486E-8B24-D7504D444C72}.Debug|x86.ActiveCfg = Debug|Win32
		{3678BAC4-90EC-486E-8B24-D7504D444C72}.Debug|x86.Build.0 = Debug|Win32
		{3678BAC4-90EC-486E-8B24-D7504D444C72}.Release|x64.ActiveCfg = Release|x64
		{3678BAC4-90EC-486E-8B24-D7504D444C72}.Release|x64.Build.0 = Release|x64
		{3678BAC4-90EC-486E-8B24-D7504D444C72}.Release|x86.ActiveCfg = Release|Win32
		{3678BAC4-90EC-486E-8B24-D7504D444C72}.Release|x86.Build.0 = Release|Win32
	EndGlobalSection
	GlobalSection(SolutionProperties) = preSolution
		HideSolutionNode = FALSE
	EndGlobalSection
	GlobalSection(ExtensibilityGlobals) = postSolution
		SolutionGuid = {18F95747-3E1F-45FF-8B76-A33DAAE38038}
	EndGlobalSection
EndGlobal
